PODS:
  - Flutter (1.0.0)
  - OkHi (1.9.36)
  - okhi_flutter (0.0.1):
    - Flutter
    - OkHi (= 1.9.36)
  - webview_flutter_wkwebview (0.0.1):
    - Flutter

DEPENDENCIES:
  - Flutter (from `Flutter`)
  - okhi_flutter (from `.symlinks/plugins/okhi_flutter/ios`)
  - webview_flutter_wkwebview (from `.symlinks/plugins/webview_flutter_wkwebview/ios`)

SPEC REPOS:
  trunk:
    - OkHi

EXTERNAL SOURCES:
  Flutter:
    :path: Flutter
  okhi_flutter:
    :path: ".symlinks/plugins/okhi_flutter/ios"
  webview_flutter_wkwebview:
    :path: ".symlinks/plugins/webview_flutter_wkwebview/ios"

SPEC CHECKSUMS:
  Flutter: e0871f40cf51350855a761d2e70bf5af5b9b5de7
  OkHi: f07548430aefcf1250b64d8128c764f2278ffdf8
  okhi_flutter: 129f39c1f450e853baa5e66909cc3fa53059d4d8
  webview_flutter_wkwebview: 2e2d318f21a5e036e2c3f26171342e95908bd60a

PODFILE CHECKSUM: 4e8f8b2be68aeea4c0d5beb6ff1e79fface1d048

COCOAPODS: 1.15.2
