PODS:
  - Flutter (1.0.0)
  - OkHi (1.9.37-beta)
  - okhi_flutter (0.0.1):
    - Flutter
    - OkHi (= 1.9.37-beta)
  - webview_flutter_wkwebview (0.0.1):
    - Flutter

DEPENDENCIES:
  - Flutter (from `Flutter`)
  - okhi_flutter (from `.symlinks/plugins/okhi_flutter/ios`)
  - webview_flutter_wkwebview (from `.symlinks/plugins/webview_flutter_wkwebview/ios`)

SPEC REPOS:
  trunk:
    - OkHi

EXTERNAL SOURCES:
  Flutter:
    :path: Flutter
  okhi_flutter:
    :path: ".symlinks/plugins/okhi_flutter/ios"
  webview_flutter_wkwebview:
    :path: ".symlinks/plugins/webview_flutter_wkwebview/ios"

SPEC CHECKSUMS:
  Flutter: e0871f40cf51350855a761d2e70bf5af5b9b5de7
  OkHi: d06f156a1f8762475675dba740a8ce4c67f529e8
  okhi_flutter: 18b518640a853864fb5b44e0633b6bae7d8136f7
  webview_flutter_wkwebview: 2e2d318f21a5e036e2c3f26171342e95908bd60a

PODFILE CHECKSUM: 4e8f8b2be68aeea4c0d5beb6ff1e79fface1d048

COCOAPODS: 1.15.2
